
Microsoft Visual Studio Solution File, Format Version 12.00
# Visual Studio Version 17
VisualStudioVersion = 17.10.35013.160
MinimumVisualStudioVersion = 10.0.40219.1
Project("{FAE04EC0-301F-11D3-BF4B-00C04F79EFBC}") = "Utravs", "Utravs.csproj", "{CAD02869-9F77-44C2-9048-3D9210A163D9}"
EndProject
Project("{FAE04EC0-301F-11D3-BF4B-00C04F79EFBC}") = "Utravs.Core", "..\Utravs.Core\Utravs.Core.csproj", "{663FC581-40D8-4025-86DA-C91D129E8F2D}"
EndProject
Project("{FAE04EC0-301F-11D3-BF4B-00C04F79EFBC}") = "Utravs.Application", "..\Utravs.Application\Utravs.Application.csproj", "{7D0555A5-D08F-43D7-A9D3-0C8AF9035407}"
EndProject
Project("{FAE04EC0-301F-11D3-BF4B-00C04F79EFBC}") = "Utravs.Infrastructure", "..\Utravs.Infrastructure\Utravs.Infrastructure.csproj", "{8F5314CF-147A-40F4-B7BA-E78951B3190F}"
EndProject
Project("{FAE04EC0-301F-11D3-BF4B-00C04F79EFBC}") = "Utravs.Presentation", "..\Utravs.Presentation\Utravs.Presentation.csproj", "{1905AE90-5FEF-4955-8022-7B0C91C95A5D}"
EndProject
Global
	GlobalSection(SolutionConfigurationPlatforms) = preSolution
		Debug|Any CPU = Debug|Any CPU
		Release|Any CPU = Release|Any CPU
	EndGlobalSection
	GlobalSection(ProjectConfigurationPlatforms) = postSolution
		{CAD02869-9F77-44C2-9048-3D9210A163D9}.Debug|Any CPU.ActiveCfg = Debug|Any CPU
		{CAD02869-9F77-44C2-9048-3D9210A163D9}.Debug|Any CPU.Build.0 = Debug|Any CPU
		{CAD02869-9F77-44C2-9048-3D9210A163D9}.Release|Any CPU.ActiveCfg = Release|Any CPU
		{CAD02869-9F77-44C2-9048-3D9210A163D9}.Release|Any CPU.Build.0 = Release|Any CPU
		{663FC581-40D8-4025-86DA-C91D129E8F2D}.Debug|Any CPU.ActiveCfg = Debug|Any CPU
		{663FC581-40D8-4025-86DA-C91D129E8F2D}.Debug|Any CPU.Build.0 = Debug|Any CPU
		{663FC581-40D8-4025-86DA-C91D129E8F2D}.Release|Any CPU.ActiveCfg = Release|Any CPU
		{663FC581-40D8-4025-86DA-C91D129E8F2D}.Release|Any CPU.Build.0 = Release|Any CPU
		{7D0555A5-D08F-43D7-A9D3-0C8AF9035407}.Debug|Any CPU.ActiveCfg = Debug|Any CPU
		{7D0555A5-D08F-43D7-A9D3-0C8AF9035407}.Debug|Any CPU.Build.0 = Debug|Any CPU
		{7D0555A5-D08F-43D7-A9D3-0C8AF9035407}.Release|Any CPU.ActiveCfg = Release|Any CPU
		{7D0555A5-D08F-43D7-A9D3-0C8AF9035407}.Release|Any CPU.Build.0 = Release|Any CPU
		{8F5314CF-147A-40F4-B7BA-E78951B3190F}.Debug|Any CPU.ActiveCfg = Debug|Any CPU
		{8F5314CF-147A-40F4-B7BA-E78951B3190F}.Debug|Any CPU.Build.0 = Debug|Any CPU
		{8F5314CF-147A-40F4-B7BA-E78951B3190F}.Release|Any CPU.ActiveCfg = Release|Any CPU
		{8F5314CF-147A-40F4-B7BA-E78951B3190F}.Release|Any CPU.Build.0 = Release|Any CPU
		{1905AE90-5FEF-4955-8022-7B0C91C95A5D}.Debug|Any CPU.ActiveCfg = Debug|Any CPU
		{1905AE90-5FEF-4955-8022-7B0C91C95A5D}.Debug|Any CPU.Build.0 = Debug|Any CPU
		{1905AE90-5FEF-4955-8022-7B0C91C95A5D}.Release|Any CPU.ActiveCfg = Release|Any CPU
		{1905AE90-5FEF-4955-8022-7B0C91C95A5D}.Release|Any CPU.Build.0 = Release|Any CPU
	EndGlobalSection
	GlobalSection(SolutionProperties) = preSolution
		HideSolutionNode = FALSE
	EndGlobalSection
	GlobalSection(ExtensibilityGlobals) = postSolution
		SolutionGuid = {D4057EA5-3A14-42C8-9A8E-366CCF40FE9E}
	EndGlobalSection
EndGlobal
